
Microsoft Visual Studio Solution File, Format Version 12.00
# Visual Studio Version 17
VisualStudioVersion = 17.9.34622.214
MinimumVisualStudioVersion = 10.0.40219.1
Project("{9A19103F-16F7-4668-BE54-9A1E7A4F7556}") = "BlazerWebApp", "BlazerWebApp\BlazerWebApp.csproj", "{9DF8B0EF-8069-45F4-9BE9-4936309826C2}"
EndProject
Project("{9A19103F-16F7-4668-BE54-9A1E7A4F7556}") = "Reviews", "Reviews\Reviews.csproj", "{C14E64DC-1833-4D22-A65E-CFE5542A2F9F}"
EndProject
Global
	GlobalSection(SolutionConfigurationPlatforms) = preSolution
		Debug|Any CPU = Debug|Any CPU
		Release|Any CPU = Release|Any CPU
	EndGlobalSection
	GlobalSection(ProjectConfigurationPlatforms) = postSolution
		{9DF8B0EF-8069-45F4-9BE9-4936309826C2}.Debug|Any CPU.ActiveCfg = Debug|Any CPU
		{9DF8B0EF-8069-45F4-9BE9-4936309826C2}.Debug|Any CPU.Build.0 = Debug|Any CPU
		{9DF8B0EF-8069-45F4-9BE9-4936309826C2}.Release|Any CPU.ActiveCfg = Release|Any CPU
		{9DF8B0EF-8069-45F4-9BE9-4936309826C2}.Release|Any CPU.Build.0 = Release|Any CPU
		{C14E64DC-1833-4D22-A65E-CFE5542A2F9F}.Debug|Any CPU.ActiveCfg = Debug|Any CPU
		{C14E64DC-1833-4D22-A65E-CFE5542A2F9F}.Debug|Any CPU.Build.0 = Debug|Any CPU
		{C14E64DC-1833-4D22-A65E-CFE5542A2F9F}.Release|Any CPU.ActiveCfg = Release|Any CPU
		{C14E64DC-1833-4D22-A65E-CFE5542A2F9F}.Release|Any CPU.Build.0 = Release|Any CPU
	EndGlobalSection
	GlobalSection(SolutionProperties) = preSolution
		HideSolutionNode = FALSE
	EndGlobalSection
	GlobalSection(ExtensibilityGlobals) = postSolution
		SolutionGuid = {548D8B03-8D32-45B7-9FDE-03B58E8C2D96}
	EndGlobalSection
EndGlobal
